{
  "requires": true,
  "lockfileVersion": 1,
  "dependencies": {
    "@types/geojson": {
      "version": "7946.0.12",
      "resolved": "https://registry.npmjs.org/@types/geojson/-/geojson-7946.0.12.tgz",
      "integrity": "sha512-uK2z1ZHJyC0nQRbuovXFt4mzXDwf27vQeUWNhfKGwRcWW429GOhP8HxUHlM6TLH4bzmlv/HlEjpvJh3JfmGsAA==",
      "dev": true
    },
    "@types/lodash": {
      "version": "4.14.200",
      "resolved": "https://registry.npmjs.org/@types/lodash/-/lodash-4.14.200.tgz",
      "integrity": "sha512-YI/M/4HRImtNf3pJgbF+W6FrXovqj+T+/HpENLTooK9PnkacBsDpeP3IpHab40CClUfhNmdM2WTNP2sa2dni5Q==",
      "dev": true
    },
    "@types/lodash.debounce": {
      "version": "4.0.8",
      "resolved": "https://registry.npmjs.org/@types/lodash.debounce/-/lodash.debounce-4.0.8.tgz",
      "integrity": "sha512-REumepIJjQFSOaBUoj81U5ZzF9YIhovzE2Lm6ejUbycmwx597k2ivG1cVfPtAj4eVuSbGoZDkJR0sRIahsE6/Q==",
      "dev": true,
      "requires": {
        "@types/lodash": "*"
      }
    },
    "@types/lodash.isequal": {
      "version": "4.5.7",
      "resolved": "https://registry.npmjs.org/@types/lodash.isequal/-/lodash.isequal-4.5.7.tgz",
      "integrity": "sha512-UJQsb7aW8JU/h3fivQXVRDp9EKi98T9iQcVeTXBxcD4jApgGgbrET/0hVS6vH/YoYpqkcToMU5fSNPEiWVZgDg==",
      "dev": true,
      "requires": {
        "@types/lodash": "*"
      }
    },
    "@types/lodash.template": {
      "version": "4.5.2",
      "resolved": "https://registry.npmjs.org/@types/lodash.template/-/lodash.template-4.5.2.tgz",
      "integrity": "sha512-9V69JSviqXywQC9O/vZ5WjO4kmcol55t+pZDcsrKXkO4D5rGdF2/J0Ke2iChq689xIRoVGWXTQ8DGh9Lbg/UVg==",
      "dev": true,
      "requires": {
        "@types/lodash": "*"
      }
    },
    "@types/mapbox__polyline": {
      "version": "1.0.4",
      "resolved": "https://registry.npmjs.org/@types/mapbox__polyline/-/mapbox__polyline-1.0.4.tgz",
      "integrity": "sha512-BR4x++uF7b2vF/fSXnjzHetVg9L8WPTYqCvORIQ/xioZF9oAdqq8UKPGY1SLikdksxdy8sNSt8svqniQgqsPMQ==",
      "dev": true,
      "requires": {
        "@types/geojson": "*"
      }
    },
    "@types/node": {
      "version": "20.8.10",
      "resolved": "https://registry.npmjs.org/@types/node/-/node-20.8.10.tgz",
      "integrity": "sha512-TlgT8JntpcbmKUFzjhsyhGfP2fsiz1Mv56im6enJ905xG1DAYesxJaeSbGqQmAw8OWPdhyJGhGSQGKRNJ45u9w==",
      "dev": true,
      "requires": {
        "undici-types": "~5.26.4"
      }
    },
    "@types/xtend": {
      "version": "4.0.5",
      "resolved": "https://registry.npmjs.org/@types/xtend/-/xtend-4.0.5.tgz",
      "integrity": "sha512-x1CsNV8IGiAlmfe2Yy9/POcNlKBnNyVwtdl99EnVj5tyH47XAMedQv9bDupOFGe7gYhPbt+EWEVbvzNc/BaIZw==",
      "dev": true
    },
    "types-registry": {
      "version": "0.1.681",
      "resolved": "https://registry.npmjs.org/types-registry/-/types-registry-0.1.681.tgz",
      "integrity": "sha512-bdoqazMMaAbM+7WWofYFTIu6vAawJYbEFeTifqxZLZaB+cPDeWdYtMiIb7ebUsGRMkaCuXS+llj3uHSHYRp7Ng=="
    },
    "undici-types": {
      "version": "5.26.5",
      "resolved": "https://registry.npmjs.org/undici-types/-/undici-types-5.26.5.tgz",
      "integrity": "sha512-JlCMO+ehdEIKqlFxk6IfVoAUVmgz7cU7zD/h9XZ0qzeosSHmUJVOzSQvvYSYWXkFXC+IfLKSIffhv0sVZup6pA==",
      "dev": true
    }
  }
}
